
Microsoft Visual Studio Solution File, Format Version 12.00
# Visual Studio Version 17
VisualStudioVersion = 17.14.36221.1 d17.14
MinimumVisualStudioVersion = 10.0.40219.1
Project("{FAE04EC0-301F-11D3-BF4B-00C04F79EFBC}") = "Assignment 6.1.1", "Assignment 6.1.1\Assignment 6.1.1.csproj", "{CC60C4D0-E9D2-4B36-B108-48F01FF0D1E4}"
EndProject
Global
	GlobalSection(SolutionConfigurationPlatforms) = preSolution
		Debug|Any CPU = Debug|Any CPU
		Release|Any CPU = Release|Any CPU
	EndGlobalSection
	GlobalSection(ProjectConfigurationPlatforms) = postSolution
		{CC60C4D0-E9D2-4B36-B108-48F01FF0D1E4}.Debug|Any CPU.ActiveCfg = Debug|Any CPU
		{CC60C4D0-E9D2-4B36-B108-48F01FF0D1E4}.Debug|Any CPU.Build.0 = Debug|Any CPU
		{CC60C4D0-E9D2-4B36-B108-48F01FF0D1E4}.Release|Any CPU.ActiveCfg = Release|Any CPU
		{CC60C4D0-E9D2-4B36-B108-48F01FF0D1E4}.Release|Any CPU.Build.0 = Release|Any CPU
	EndGlobalSection
	GlobalSection(SolutionProperties) = preSolution
		HideSolutionNode = FALSE
	EndGlobalSection
	GlobalSection(ExtensibilityGlobals) = postSolution
		SolutionGuid = {8E48B6FE-A693-4B2A-AE41-2238DE22705B}
	EndGlobalSection
EndGlobal
